
Microsoft Visual Studio Solution File, Format Version 12.00
# Visual Studio Version 17
VisualStudioVersion = 17.4.33205.214
MinimumVisualStudioVersion = 10.0.40219.1
Project("{FAE04EC0-301F-11D3-BF4B-00C04F79EFBC}") = "CryptoPricePrediction", "CryptoPricePrediction.csproj", "{7ED0C6B3-E448-4161-8409-5D452ACC153A}"
EndProject
Global
	GlobalSection(SolutionConfigurationPlatforms) = preSolution
		Debug|Any CPU = Debug|Any CPU
		Release|Any CPU = Release|Any CPU
	EndGlobalSection
	GlobalSection(ProjectConfigurationPlatforms) = postSolution
		{7ED0C6B3-E448-4161-8409-5D452ACC153A}.Debug|Any CPU.ActiveCfg = Debug|Any CPU
		{7ED0C6B3-E448-4161-8409-5D452ACC153A}.Debug|Any CPU.Build.0 = Debug|Any CPU
		{7ED0C6B3-E448-4161-8409-5D452ACC153A}.Release|Any CPU.ActiveCfg = Release|Any CPU
		{7ED0C6B3-E448-4161-8409-5D452ACC153A}.Release|Any CPU.Build.0 = Release|Any CPU
	EndGlobalSection
	GlobalSection(SolutionProperties) = preSolution
		HideSolutionNode = FALSE
	EndGlobalSection
	GlobalSection(ExtensibilityGlobals) = postSolution
		SolutionGuid = {B704A66F-18D7-404D-B0D3-682155738A14}
	EndGlobalSection
EndGlobal
